
Microsoft Visual Studio Solution File, Format Version 12.00
# Visual Studio Version 17
VisualStudioVersion = 17.12.35527.113
MinimumVisualStudioVersion = 10.0.40219.1
Project("{2150E333-8FDC-42A3-9474-1A3956D46DE8}") = "Application", "Application", "{40DEF4EE-11C2-492E-B804-1CB6A0F96877}"
EndProject
Project("{2150E333-8FDC-42A3-9474-1A3956D46DE8}") = "Domain", "Domain", "{4C29A62B-D368-4AE7-BFCF-DD19F70257DF}"
EndProject
Project("{2150E333-8FDC-42A3-9474-1A3956D46DE8}") = "Infrastructure", "Infrastructure", "{8FB13AAA-E307-410A-8AA0-98CCD28CACC9}"
EndProject
Project("{2150E333-8FDC-42A3-9474-1A3956D46DE8}") = "Services", "Services", "{D528D18E-05CC-4546-BA6D-49BE5AC8FD60}"
EndProject
Project("{2150E333-8FDC-42A3-9474-1A3956D46DE8}") = "Utilities", "Utilities", "{3AE4FC78-CC79-4496-804F-6EF00B6A972D}"
EndProject
Project("{FAE04EC0-301F-11D3-BF4B-00C04F79EFBC}") = "HOTELBOOKING.Domain", "src\HOTELBOOKING.Domain\HOTELBOOKING.Domain.csproj", "{6EA7FEFA-E098-447B-96E9-2695349997EF}"
EndProject
Project("{FAE04EC0-301F-11D3-BF4B-00C04F79EFBC}") = "HOTELBOOKING.Application.UseCase", "src\HOTELBOOKING.Application.UseCase\HOTELBOOKING.Application.UseCase.csproj", "{1DFE0708-CFB1-4B32-84E3-45EF65DB1909}"
EndProject
Project("{FAE04EC0-301F-11D3-BF4B-00C04F79EFBC}") = "HOTELBOOKING.Application.Interface", "src\HOTELBOOKING.Application.Interface\HOTELBOOKING.Application.Interface.csproj", "{189EC8E2-36EE-401C-99D9-96FB95AA7B87}"
EndProject
Project("{FAE04EC0-301F-11D3-BF4B-00C04F79EFBC}") = "HOTELBOOKING.Application.Dtos", "src\HOTELBOOKING.Application.Dtos\HOTELBOOKING.Application.Dtos.csproj", "{AD35E964-9E5C-4C53-BE1E-FD235E7E1BC5}"
EndProject
Project("{FAE04EC0-301F-11D3-BF4B-00C04F79EFBC}") = "HOTELBOOKING.Infrastructure", "src\HOTELBOOKING.Infrastructure\HOTELBOOKING.Infrastructure.csproj", "{139C0F99-1395-4A63-BC70-E40D5D95EA77}"
EndProject
Project("{FAE04EC0-301F-11D3-BF4B-00C04F79EFBC}") = "HOTELBOOKING.Persistence", "src\HOTELBOOKING.Persistence\HOTELBOOKING.Persistence.csproj", "{B6094926-E093-41BF-8D59-C259123CF636}"
EndProject
Project("{FAE04EC0-301F-11D3-BF4B-00C04F79EFBC}") = "HOTELBOOKING.Api", "src\HOTELBOOKING.Api\HOTELBOOKING.Api.csproj", "{607500EF-E4BD-4390-8962-C9492F36BC3D}"
EndProject
Project("{FAE04EC0-301F-11D3-BF4B-00C04F79EFBC}") = "HOTELBOOKING.Utilities", "src\HOTELBOOKING.Utilities\HOTELBOOKING.Utilities.csproj", "{91A4C01E-EDF9-4F17-8248-F18BF4C1B017}"
EndProject
Global
	GlobalSection(SolutionConfigurationPlatforms) = preSolution
		Debug|Any CPU = Debug|Any CPU
		Release|Any CPU = Release|Any CPU
	EndGlobalSection
	GlobalSection(ProjectConfigurationPlatforms) = postSolution
		{6EA7FEFA-E098-447B-96E9-2695349997EF}.Debug|Any CPU.ActiveCfg = Debug|Any CPU
		{6EA7FEFA-E098-447B-96E9-2695349997EF}.Debug|Any CPU.Build.0 = Debug|Any CPU
		{6EA7FEFA-E098-447B-96E9-2695349997EF}.Release|Any CPU.ActiveCfg = Release|Any CPU
		{6EA7FEFA-E098-447B-96E9-2695349997EF}.Release|Any CPU.Build.0 = Release|Any CPU
		{1DFE0708-CFB1-4B32-84E3-45EF65DB1909}.Debug|Any CPU.ActiveCfg = Debug|Any CPU
		{1DFE0708-CFB1-4B32-84E3-45EF65DB1909}.Debug|Any CPU.Build.0 = Debug|Any CPU
		{1DFE0708-CFB1-4B32-84E3-45EF65DB1909}.Release|Any CPU.ActiveCfg = Release|Any CPU
		{1DFE0708-CFB1-4B32-84E3-45EF65DB1909}.Release|Any CPU.Build.0 = Release|Any CPU
		{189EC8E2-36EE-401C-99D9-96FB95AA7B87}.Debug|Any CPU.ActiveCfg = Debug|Any CPU
		{189EC8E2-36EE-401C-99D9-96FB95AA7B87}.Debug|Any CPU.Build.0 = Debug|Any CPU
		{189EC8E2-36EE-401C-99D9-96FB95AA7B87}.Release|Any CPU.ActiveCfg = Release|Any CPU
		{189EC8E2-36EE-401C-99D9-96FB95AA7B87}.Release|Any CPU.Build.0 = Release|Any CPU
		{AD35E964-9E5C-4C53-BE1E-FD235E7E1BC5}.Debug|Any CPU.ActiveCfg = Debug|Any CPU
		{AD35E964-9E5C-4C53-BE1E-FD235E7E1BC5}.Debug|Any CPU.Build.0 = Debug|Any CPU
		{AD35E964-9E5C-4C53-BE1E-FD235E7E1BC5}.Release|Any CPU.ActiveCfg = Release|Any CPU
		{AD35E964-9E5C-4C53-BE1E-FD235E7E1BC5}.Release|Any CPU.Build.0 = Release|Any CPU
		{139C0F99-1395-4A63-BC70-E40D5D95EA77}.Debug|Any CPU.ActiveCfg = Debug|Any CPU
		{139C0F99-1395-4A63-BC70-E40D5D95EA77}.Debug|Any CPU.Build.0 = Debug|Any CPU
		{139C0F99-1395-4A63-BC70-E40D5D95EA77}.Release|Any CPU.ActiveCfg = Release|Any CPU
		{139C0F99-1395-4A63-BC70-E40D5D95EA77}.Release|Any CPU.Build.0 = Release|Any CPU
		{B6094926-E093-41BF-8D59-C259123CF636}.Debug|Any CPU.ActiveCfg = Debug|Any CPU
		{B6094926-E093-41BF-8D59-C259123CF636}.Debug|Any CPU.Build.0 = Debug|Any CPU
		{B6094926-E093-41BF-8D59-C259123CF636}.Release|Any CPU.ActiveCfg = Release|Any CPU
		{B6094926-E093-41BF-8D59-C259123CF636}.Release|Any CPU.Build.0 = Release|Any CPU
		{607500EF-E4BD-4390-8962-C9492F36BC3D}.Debug|Any CPU.ActiveCfg = Debug|Any CPU
		{607500EF-E4BD-4390-8962-C9492F36BC3D}.Debug|Any CPU.Build.0 = Debug|Any CPU
		{607500EF-E4BD-4390-8962-C9492F36BC3D}.Release|Any CPU.ActiveCfg = Release|Any CPU
		{607500EF-E4BD-4390-8962-C9492F36BC3D}.Release|Any CPU.Build.0 = Release|Any CPU
		{91A4C01E-EDF9-4F17-8248-F18BF4C1B017}.Debug|Any CPU.ActiveCfg = Debug|Any CPU
		{91A4C01E-EDF9-4F17-8248-F18BF4C1B017}.Debug|Any CPU.Build.0 = Debug|Any CPU
		{91A4C01E-EDF9-4F17-8248-F18BF4C1B017}.Release|Any CPU.ActiveCfg = Release|Any CPU
		{91A4C01E-EDF9-4F17-8248-F18BF4C1B017}.Release|Any CPU.Build.0 = Release|Any CPU
	EndGlobalSection
	GlobalSection(SolutionProperties) = preSolution
		HideSolutionNode = FALSE
	EndGlobalSection
	GlobalSection(NestedProjects) = preSolution
		{6EA7FEFA-E098-447B-96E9-2695349997EF} = {4C29A62B-D368-4AE7-BFCF-DD19F70257DF}
		{1DFE0708-CFB1-4B32-84E3-45EF65DB1909} = {40DEF4EE-11C2-492E-B804-1CB6A0F96877}
		{189EC8E2-36EE-401C-99D9-96FB95AA7B87} = {40DEF4EE-11C2-492E-B804-1CB6A0F96877}
		{AD35E964-9E5C-4C53-BE1E-FD235E7E1BC5} = {40DEF4EE-11C2-492E-B804-1CB6A0F96877}
		{139C0F99-1395-4A63-BC70-E40D5D95EA77} = {8FB13AAA-E307-410A-8AA0-98CCD28CACC9}
		{B6094926-E093-41BF-8D59-C259123CF636} = {8FB13AAA-E307-410A-8AA0-98CCD28CACC9}
		{607500EF-E4BD-4390-8962-C9492F36BC3D} = {D528D18E-05CC-4546-BA6D-49BE5AC8FD60}
		{91A4C01E-EDF9-4F17-8248-F18BF4C1B017} = {3AE4FC78-CC79-4496-804F-6EF00B6A972D}
	EndGlobalSection
EndGlobal
